
Microsoft Visual Studio Solution File, Format Version 12.00
Project("{FAE04EC0-301F-11D3-BF4B-00C04F79EFBC}") = "Testing", "Testing\Testing.csproj", "{4FC34254-4874-460E-BDD6-90AA079DA41A}"
EndProject
Global
	GlobalSection(SolutionConfigurationPlatforms) = preSolution
		Debug|Any CPU = Debug|Any CPU
		Release|Any CPU = Release|Any CPU
	EndGlobalSection
	GlobalSection(ProjectConfigurationPlatforms) = postSolution
		{4FC34254-4874-460E-BDD6-90AA079DA41A}.Debug|Any CPU.ActiveCfg = Debug|Any CPU
		{4FC34254-4874-460E-BDD6-90AA079DA41A}.Debug|Any CPU.Build.0 = Debug|Any CPU
		{4FC34254-4874-460E-BDD6-90AA079DA41A}.Release|Any CPU.ActiveCfg = Release|Any CPU
		{4FC34254-4874-460E-BDD6-90AA079DA41A}.Release|Any CPU.Build.0 = Release|Any CPU
	EndGlobalSection
EndGlobal
